// !$*UTF8*$!
{
	archiveVersion = 1;
	classes = {
	};
	objectVersion = 77;
	objects = {

/* Begin PBXBuildFile section */
		5275E8DA2F69C8A10093C480 /* Resources/Assets.xcassets in Resources */ = {isa = PBXBuildFile; fileRef = 5275E83B2F69C8A10093C480 /* Resources/Assets.xcassets */; };
		5275E91E2F69C8A10093C480 /* AppDelegate.swift in Sources */ = {isa = PBXBuildFile; fileRef = 5275E83A2F69C8A10093C480 /* AppDelegate.swift */; };
		5275E9322F69C8A10093C480 /* OnboardingScreenViewController.swift in Sources */ = {isa = PBXBuildFile; fileRef = 5275E88D2F69C8A10093C480 /* OnboardingScreenViewController.swift */; };
		5275E9412F69C8A10093C480 /* ViewController.swift in Sources */ = {isa = PBXBuildFile; fileRef = 5275E8A12F69C8A10093C480 /* ViewController.swift */; };
		5275E9432F69C8A10093C480 /* SceneDelegate.swift in Sources */ = {isa = PBXBuildFile; fileRef = 5275E8952F69C8A10093C480 /* SceneDelegate.swift */; };
		5275E9562F69CBBD0093C480 /* Auth in Frameworks */ = {isa = PBXBuildFile; productRef = 5275E9552F69CBBD0093C480 /* Auth */; };
		5275E9582F69CBBD0093C480 /* Functions in Frameworks */ = {isa = PBXBuildFile; productRef = 5275E9572F69CBBD0093C480 /* Functions */; };
		5275E95A2F69CBBD0093C480 /* PostgREST in Frameworks */ = {isa = PBXBuildFile; productRef = 5275E9592F69CBBD0093C480 /* PostgREST */; };
		5275E95C2F69CBBD0093C480 /* Realtime in Frameworks */ = {isa = PBXBuildFile; productRef = 5275E95B2F69CBBD0093C480 /* Realtime */; };
		5275E95E2F69CBBD0093C480 /* Storage in Frameworks */ = {isa = PBXBuildFile; productRef = 5275E95D2F69CBBD0093C480 /* Storage */; };
		5275E9602F69CBBD0093C480 /* Supabase in Frameworks */ = {isa = PBXBuildFile; productRef = 5275E95F2F69CBBD0093C480 /* Supabase */; };
/* End PBXBuildFile section */

/* Begin PBXContainerItemProxy section */
		52A84E452EB9531200D47157 /* PBXContainerItemProxy */ = {
			isa = PBXContainerItemProxy;
			containerPortal = 52A84E222EB9531100D47157 /* Project object */;
			proxyType = 1;
			remoteGlobalIDString = 52A84E292EB9531100D47157;
			remoteInfo = Rewind;
		};
		52A84E4F2EB9531200D47157 /* PBXContainerItemProxy */ = {
			isa = PBXContainerItemProxy;
			containerPortal = 52A84E222EB9531100D47157 /* Project object */;
			proxyType = 1;
			remoteGlobalIDString = 52A84E292EB9531100D47157;
			remoteInfo = Rewind;
		};
/* End PBXContainerItemProxy section */

/* Begin PBXFileReference section */
		5275E83A2F69C8A10093C480 /* AppDelegate.swift */ = {isa = PBXFileReference; lastKnownFileType = sourcecode.swift; path = AppDelegate.swift; sourceTree = "<group>"; };
		5275E83B2F69C8A10093C480 /* Resources/Assets.xcassets */ = {isa = PBXFileReference; lastKnownFileType = folder.assetcatalog; path = Resources/Assets.xcassets; sourceTree = "<group>"; };
		5275E88D2F69C8A10093C480 /* OnboardingScreenViewController.swift */ = {isa = PBXFileReference; lastKnownFileType = sourcecode.swift; path = OnboardingScreenViewController.swift; sourceTree = "<group>"; };
		5275E8952F69C8A10093C480 /* SceneDelegate.swift */ = {isa = PBXFileReference; lastKnownFileType = sourcecode.swift; path = SceneDelegate.swift; sourceTree = "<group>"; };
		5275E8A12F69C8A10093C480 /* ViewController.swift */ = {isa = PBXFileReference; lastKnownFileType = sourcecode.swift; path = ViewController.swift; sourceTree = "<group>"; };
		52A84E2A2EB9531100D47157 /* Rewind.app */ = {isa = PBXFileReference; explicitFileType = wrapper.application; includeInIndex = 0; path = Rewind.app; sourceTree = BUILT_PRODUCTS_DIR; };
		52A84E442EB9531200D47157 /* RewindTests.xctest */ = {isa = PBXFileReference; explicitFileType = wrapper.cfbundle; includeInIndex = 0; path = RewindTests.xctest; sourceTree = BUILT_PRODUCTS_DIR; };
		52A84E4E2EB9531200D47157 /* RewindUITests.xctest */ = {isa = PBXFileReference; explicitFileType = wrapper.cfbundle; includeInIndex = 0; path = RewindUITests.xctest; sourceTree = BUILT_PRODUCTS_DIR; };
/* End PBXFileReference section */

/* Begin PBXFileSystemSynchronizedBuildFileExceptionSet section */
		5275E9512F69C9E80093C480 /* Exceptions for "Resources" folder in "Rewind" target */ = {
			isa = PBXFileSystemSynchronizedBuildFileExceptionSet;
			membershipExceptions = (
				Assets.xcassets,
				Info.plist,
			);
			target = 52A84E292EB9531100D47157 /* Rewind */;
		};
		5275E9522F69CB000093C480 /* Exceptions for "Controllers" folder in "Rewind" target */ = {
			isa = PBXFileSystemSynchronizedBuildFileExceptionSet;
			membershipExceptions = (
				Onboarding/OnboardingScreenViewController.swift,
			);
			target = 52A84E292EB9531100D47157 /* Rewind */;
		};
/* End PBXFileSystemSynchronizedBuildFileExceptionSet section */

/* Begin PBXFileSystemSynchronizedRootGroup section */
		5275E83E2F69C8A10093C480 /* Configuration */ = {
			isa = PBXFileSystemSynchronizedRootGroup;
			path = Configuration;
			sourceTree = "<group>";
		};
		5275E8732F69C8A10093C480 /* Controllers */ = {
			isa = PBXFileSystemSynchronizedRootGroup;
			exceptions = (
				5275E9522F69CB000093C480 /* Exceptions for "Controllers" folder in "Rewind" target */,
			);
			path = Controllers;
			sourceTree = "<group>";
		};
		5275E87D2F69C8A10093C480 /* Core */ = {
			isa = PBXFileSystemSynchronizedRootGroup;
			path = Core;
			sourceTree = "<group>";
		};
		5275E88C2F69C8A10093C480 /* Models */ = {
			isa = PBXFileSystemSynchronizedRootGroup;
			path = Models;
			sourceTree = "<group>";
		};
		5275E8942F69C8A10093C480 /* Resources */ = {
			isa = PBXFileSystemSynchronizedRootGroup;
			exceptions = (
				5275E9512F69C9E80093C480 /* Exceptions for "Resources" folder in "Rewind" target */,
			);
			path = Resources;
			sourceTree = "<group>";
		};
		5275E8982F69C8A10093C480 /* Services */ = {
			isa = PBXFileSystemSynchronizedRootGroup;
			path = Services;
			sourceTree = "<group>";
		};
		5275E8A02F69C8A10093C480 /* UI */ = {
			isa = PBXFileSystemSynchronizedRootGroup;
			path = UI;
			sourceTree = "<group>";
		};
		5275E8A92F69C8A10093C480 /* ViewModels */ = {
			isa = PBXFileSystemSynchronizedRootGroup;
			path = ViewModels;
			sourceTree = "<group>";
		};
		5275E8D62F69C8A10093C480 /* Views */ = {
			isa = PBXFileSystemSynchronizedRootGroup;
			path = Views;
			sourceTree = "<group>";
		};
/* End PBXFileSystemSynchronizedRootGroup section */

/* Begin PBXFrameworksBuildPhase section */
		52A84E272EB9531100D47157 /* Frameworks */ = {
			isa = PBXFrameworksBuildPhase;
			buildActionMask = 2147483647;
			files = (
				5275E95A2F69CBBD0093C480 /* PostgREST in Frameworks */,
				5275E9582F69CBBD0093C480 /* Functions in Frameworks */,
				5275E9602F69CBBD0093C480 /* Supabase in Frameworks */,
				5275E9562F69CBBD0093C480 /* Auth in Frameworks */,
				5275E95E2F69CBBD0093C480 /* Storage in Frameworks */,
				5275E95C2F69CBBD0093C480 /* Realtime in Frameworks */,
			);
			runOnlyForDeploymentPostprocessing = 0;
		};
		52A84E412EB9531200D47157 /* Frameworks */ = {
			isa = PBXFrameworksBuildPhase;
			buildActionMask = 2147483647;
			files = (
			);
			runOnlyForDeploymentPostprocessing = 0;
		};
		52A84E4B2EB9531200D47157 /* Frameworks */ = {
			isa = PBXFrameworksBuildPhase;
			buildActionMask = 2147483647;
			files = (
			);
			runOnlyForDeploymentPostprocessing = 0;
		};
/* End PBXFrameworksBuildPhase section */

/* Begin PBXGroup section */
		5214F6672EBD0CD5005020AA /* Rewind */ = {
			isa = PBXGroup;
			children = (
				5275E83A2F69C8A10093C480 /* AppDelegate.swift */,
				5275E83B2F69C8A10093C480 /* Resources/Assets.xcassets */,
				5275E83E2F69C8A10093C480 /* Configuration */,
				5275E8732F69C8A10093C480 /* Controllers */,
				5275E87D2F69C8A10093C480 /* Core */,
				5275E88C2F69C8A10093C480 /* Models */,
				5275E88D2F69C8A10093C480 /* OnboardingScreenViewController.swift */,
				5275E8942F69C8A10093C480 /* Resources */,
				5275E8952F69C8A10093C480 /* SceneDelegate.swift */,
				5275E8982F69C8A10093C480 /* Services */,
				5275E8A02F69C8A10093C480 /* UI */,
				5275E8A12F69C8A10093C480 /* ViewController.swift */,
				5275E8A92F69C8A10093C480 /* ViewModels */,
				5275E8D62F69C8A10093C480 /* Views */,
			);
			path = Rewind;
			sourceTree = "<group>";
		};
		5275E9542F69CBBD0093C480 /* Frameworks */ = {
			isa = PBXGroup;
			children = (
			);
			name = Frameworks;
			sourceTree = "<group>";
		};
		52A84E212EB9531100D47157 = {
			isa = PBXGroup;
			children = (
				5214F6672EBD0CD5005020AA /* Rewind */,
				5275E9542F69CBBD0093C480 /* Frameworks */,
				52A84E2B2EB9531100D47157 /* Products */,
			);
			sourceTree = "<group>";
		};
		52A84E2B2EB9531100D47157 /* Products */ = {
			isa = PBXGroup;
			children = (
				52A84E2A2EB9531100D47157 /* Rewind.app */,
				52A84E442EB9531200D47157 /* RewindTests.xctest */,
				52A84E4E2EB9531200D47157 /* RewindUITests.xctest */,
			);
			name = Products;
			sourceTree = "<group>";
		};
/* End PBXGroup section */

/* Begin PBXNativeTarget section */
		52A84E292EB9531100D47157 /* Rewind */ = {
			isa = PBXNativeTarget;
			buildConfigurationList = 52A84E572EB9531200D47157 /* Build configuration list for PBXNativeTarget "Rewind" */;
			buildPhases = (
				52A84E262EB9531100D47157 /* Sources */,
				52A84E272EB9531100D47157 /* Frameworks */,
				52A84E282EB9531100D47157 /* Resources */,
			);
			buildRules = (
			);
			dependencies = (
			);
			fileSystemSynchronizedGroups = (
				5275E83E2F69C8A10093C480 /* Configuration */,
				5275E8732F69C8A10093C480 /* Controllers */,
				5275E87D2F69C8A10093C480 /* Core */,
				5275E88C2F69C8A10093C480 /* Models */,
				5275E8942F69C8A10093C480 /* Resources */,
				5275E8982F69C8A10093C480 /* Services */,
				5275E8A02F69C8A10093C480 /* UI */,
				5275E8A92F69C8A10093C480 /* ViewModels */,
				5275E8D62F69C8A10093C480 /* Views */,
			);
			name = Rewind;
			packageProductDependencies = (
				5275E9552F69CBBD0093C480 /* Auth */,
				5275E9572F69CBBD0093C480 /* Functions */,
				5275E9592F69CBBD0093C480 /* PostgREST */,
				5275E95B2F69CBBD0093C480 /* Realtime */,
				5275E95D2F69CBBD0093C480 /* Storage */,
				5275E95F2F69CBBD0093C480 /* Supabase */,
			);
			productName = Rewind;
			productReference = 52A84E2A2EB9531100D47157 /* Rewind.app */;
			productType = "com.apple.product-type.application";
		};
		52A84E432EB9531200D47157 /* RewindTests */ = {
			isa = PBXNativeTarget;
			buildConfigurationList = 52A84E5C2EB9531200D47157 /* Build configuration list for PBXNativeTarget "RewindTests" */;
			buildPhases = (
				52A84E402EB9531200D47157 /* Sources */,
				52A84E412EB9531200D47157 /* Frameworks */,
				52A84E422EB9531200D47157 /* Resources */,
			);
			buildRules = (
			);
			dependencies = (
				52A84E462EB9531200D47157 /* PBXTargetDependency */,
			);
			name = RewindTests;
			packageProductDependencies = (
			);
			productName = RewindTests;
			productReference = 52A84E442EB9531200D47157 /* RewindTests.xctest */;
			productType = "com.apple.product-type.bundle.unit-test";
		};
		52A84E4D2EB9531200D47157 /* RewindUITests */ = {
			isa = PBXNativeTarget;
			buildConfigurationList = 52A84E5F2EB9531200D47157 /* Build configuration list for PBXNativeTarget "RewindUITests" */;
			buildPhases = (
				52A84E4A2EB9531200D47157 /* Sources */,
				52A84E4B2EB9531200D47157 /* Frameworks */,
				52A84E4C2EB9531200D47157 /* Resources */,
			);
			buildRules = (
			);
			dependencies = (
				52A84E502EB9531200D47157 /* PBXTargetDependency */,
			);
			name = RewindUITests;
			packageProductDependencies = (
			);
			productName = RewindUITests;
			productReference = 52A84E4E2EB9531200D47157 /* RewindUITests.xctest */;
			productType = "com.apple.product-type.bundle.ui-testing";
		};
/* End PBXNativeTarget section */

/* Begin PBXProject section */
		52A84E222EB9531100D47157 /* Project object */ = {
			isa = PBXProject;
			attributes = {
				BuildIndependentTargetsInParallel = 1;
				LastSwiftUpdateCheck = 2600;
				LastUpgradeCheck = 2610;
				TargetAttributes = {
					52A84E292EB9531100D47157 = {
						CreatedOnToolsVersion = 26.0.1;
					};
					52A84E432EB9531200D47157 = {
						CreatedOnToolsVersion = 26.0.1;
						TestTargetID = 52A84E292EB9531100D47157;
					};
					52A84E4D2EB9531200D47157 = {
						CreatedOnToolsVersion = 26.0.1;
						TestTargetID = 52A84E292EB9531100D47157;
					};
				};
			};
			buildConfigurationList = 52A84E252EB9531100D47157 /* Build configuration list for PBXProject "Rewind" */;
			developmentRegion = en;
			hasScannedForEncodings = 0;
			knownRegions = (
				en,
				Base,
			);
			mainGroup = 52A84E212EB9531100D47157;
			minimizedProjectReferenceProxies = 1;
			packageReferences = (
				5275E9532F69CB130093C480 /* XCRemoteSwiftPackageReference "supabase-swift" */,
			);
			preferredProjectObjectVersion = 77;
			productRefGroup = 52A84E2B2EB9531100D47157 /* Products */;
			projectDirPath = "";
			projectRoot = "";
			targets = (
				52A84E292EB9531100D47157 /* Rewind */,
				52A84E432EB9531200D47157 /* RewindTests */,
				52A84E4D2EB9531200D47157 /* RewindUITests */,
			);
		};
/* End PBXProject section */

/* Begin PBXResourcesBuildPhase section */
		52A84E282EB9531100D47157 /* Resources */ = {
			isa = PBXResourcesBuildPhase;
			buildActionMask = 2147483647;
			files = (
				5275E8DA2F69C8A10093C480 /* Resources/Assets.xcassets in Resources */,
			);
			runOnlyForDeploymentPostprocessing = 0;
		};
		52A84E422EB9531200D47157 /* Resources */ = {
			isa = PBXResourcesBuildPhase;
			buildActionMask = 2147483647;
			files = (
			);
			runOnlyForDeploymentPostprocessing = 0;
		};
		52A84E4C2EB9531200D47157 /* Resources */ = {
			isa = PBXResourcesBuildPhase;
			buildActionMask = 2147483647;
			files = (
			);
			runOnlyForDeploymentPostprocessing = 0;
		};
/* End PBXResourcesBuildPhase section */

/* Begin PBXSourcesBuildPhase section */
		52A84E262EB9531100D47157 /* Sources */ = {
			isa = PBXSourcesBuildPhase;
			buildActionMask = 2147483647;
			files = (
				5275E91E2F69C8A10093C480 /* AppDelegate.swift in Sources */,
				5275E9322F69C8A10093C480 /* OnboardingScreenViewController.swift in Sources */,
				5275E9412F69C8A10093C480 /* ViewController.swift in Sources */,
				5275E9432F69C8A10093C480 /* SceneDelegate.swift in Sources */,
			);
			runOnlyForDeploymentPostprocessing = 0;
		};
		52A84E402EB9531200D47157 /* Sources */ = {
			isa = PBXSourcesBuildPhase;
			buildActionMask = 2147483647;
			files = (
			);
			runOnlyForDeploymentPostprocessing = 0;
		};
		52A84E4A2EB9531200D47157 /* Sources */ = {
			isa = PBXSourcesBuildPhase;
			buildActionMask = 2147483647;
			files = (
			);
			runOnlyForDeploymentPostprocessing = 0;
		};
/* End PBXSourcesBuildPhase section */

/* Begin PBXTargetDependency section */
		52A84E462EB9531200D47157 /* PBXTargetDependency */ = {
			isa = PBXTargetDependency;
			target = 52A84E292EB9531100D47157 /* Rewind */;
			targetProxy = 52A84E452EB9531200D47157 /* PBXContainerItemProxy */;
		};
		52A84E502EB9531200D47157 /* PBXTargetDependency */ = {
			isa = PBXTargetDependency;
			target = 52A84E292EB9531100D47157 /* Rewind */;
			targetProxy = 52A84E4F2EB9531200D47157 /* PBXContainerItemProxy */;
		};
/* End PBXTargetDependency section */

/* Begin XCBuildConfiguration section */
		52A84E582EB9531200D47157 /* Debug */ = {
			isa = XCBuildConfiguration;
			buildSettings = {
				ASSETCATALOG_COMPILER_APPICON_NAME = AppIcon;
				ASSETCATALOG_COMPILER_GLOBAL_ACCENT_COLOR_NAME = AccentColor;
				CODE_SIGN_ENTITLEMENTS = Rewind/Resources/Rewind.entitlements;
				CODE_SIGN_STYLE = Automatic;
				CURRENT_PROJECT_VERSION = 1;
				DEVELOPMENT_TEAM = TW33TRP3X9;
				GENERATE_INFOPLIST_FILE = YES;
				INFOPLIST_FILE = Rewind/Resources/Info.plist;
				INFOPLIST_KEY_NSMicrophoneUsageDescription = "This app needs access to your microphone to enable voice conversations with your pet.";
				INFOPLIST_KEY_NSSpeechRecognitionUsageDescription = "This app uses speech recognition to understand what you're saying to your pet.";
				INFOPLIST_KEY_UIApplicationSupportsIndirectInputEvents = YES;
				INFOPLIST_KEY_UILaunchStoryboardName = LaunchScreen;
				INFOPLIST_KEY_UISupportedInterfaceOrientations = UIInterfaceOrientationPortrait;
				INFOPLIST_KEY_UISupportedInterfaceOrientations_iPad = "UIInterfaceOrientationPortrait UIInterfaceOrientationPortraitUpsideDown";
				IPHONEOS_DEPLOYMENT_TARGET = 26.0;
				LD_RUNPATH_SEARCH_PATHS = (
					"$(inherited)",
					"@executable_path/Frameworks",
				);
				MARKETING_VERSION = 1.0;
				PRODUCT_BUNDLE_IDENTIFIER = dev.san.Rewind;
				PRODUCT_NAME = "$(TARGET_NAME)";
				STRING_CATALOG_GENERATE_SYMBOLS = YES;
				SUPPORTED_PLATFORMS = "iphoneos iphonesimulator";
				SUPPORTS_MACCATALYST = NO;
				SUPPORTS_MAC_DESIGNED_FOR_IPHONE_IPAD = NO;
				SUPPORTS_XR_DESIGNED_FOR_IPHONE_IPAD = NO;
				SWIFT_APPROACHABLE_CONCURRENCY = YES;
				SWIFT_DEFAULT_ACTOR_ISOLATION = MainActor;
				SWIFT_EMIT_LOC_STRINGS = YES;
				SWIFT_UPCOMING_FEATURE_MEMBER_IMPORT_VISIBILITY = YES;
				SWIFT_VERSION = 5.0;
				TARGETED_DEVICE_FAMILY = 1;
			};
			name = Debug;
		};
		52A84E592EB9531200D47157 /* Release */ = {
			isa = XCBuildConfiguration;
			buildSettings = {
				ASSETCATALOG_COMPILER_APPICON_NAME = AppIcon;
				ASSETCATALOG_COMPILER_GLOBAL_ACCENT_COLOR_NAME = AccentColor;
				CODE_SIGN_ENTITLEMENTS = Rewind/Resources/Rewind.entitlements;
				CODE_SIGN_STYLE = Automatic;
				CURRENT_PROJECT_VERSION = 1;
				DEVELOPMENT_TEAM = TW33TRP3X9;
				GENERATE_INFOPLIST_FILE = YES;
				INFOPLIST_FILE = Rewind/Resources/Info.plist;
				INFOPLIST_KEY_NSMicrophoneUsageDescription = "This app needs access to your microphone to enable voice conversations with your pet.";
				INFOPLIST_KEY_NSSpeechRecognitionUsageDescription = "This app uses speech recognition to understand what you're saying to your pet.";
				INFOPLIST_KEY_UIApplicationSupportsIndirectInputEvents = YES;
				INFOPLIST_KEY_UILaunchStoryboardName = LaunchScreen;
				INFOPLIST_KEY_UISupportedInterfaceOrientations = UIInterfaceOrientationPortrait;
				INFOPLIST_KEY_UISupportedInterfaceOrientations_iPad = "UIInterfaceOrientationPortrait UIInterfaceOrientationPortraitUpsideDown";
				IPHONEOS_DEPLOYMENT_TARGET = 26.0;
				LD_RUNPATH_SEARCH_PATHS = (
					"$(inherited)",
					"@executable_path/Frameworks",
				);
				MARKETING_VERSION = 1.0;
				PRODUCT_BUNDLE_IDENTIFIER = dev.san.Rewind;
				PRODUCT_NAME = "$(TARGET_NAME)";
				STRING_CATALOG_GENERATE_SYMBOLS = YES;
				SUPPORTED_PLATFORMS = "iphoneos iphonesimulator";
				SUPPORTS_MACCATALYST = NO;
				SUPPORTS_MAC_DESIGNED_FOR_IPHONE_IPAD = NO;
				SUPPORTS_XR_DESIGNED_FOR_IPHONE_IPAD = NO;
				SWIFT_APPROACHABLE_CONCURRENCY = YES;
				SWIFT_DEFAULT_ACTOR_ISOLATION = MainActor;
				SWIFT_EMIT_LOC_STRINGS = YES;
				SWIFT_UPCOMING_FEATURE_MEMBER_IMPORT_VISIBILITY = YES;
				SWIFT_VERSION = 5.0;
				TARGETED_DEVICE_FAMILY = 1;
			};
			name = Release;
		};
		52A84E5A2EB9531200D47157 /* Debug */ = {
			isa = XCBuildConfiguration;
			buildSettings = {
				ALWAYS_SEARCH_USER_PATHS = NO;
				ASSETCATALOG_COMPILER_GENERATE_SWIFT_ASSET_SYMBOL_EXTENSIONS = YES;
				CLANG_ANALYZER_NONNULL = YES;
				CLANG_ANALYZER_NUMBER_OBJECT_CONVERSION = YES_AGGRESSIVE;
				CLANG_CXX_LANGUAGE_STANDARD = "gnu++20";
				CLANG_ENABLE_MODULES = YES;
				CLANG_ENABLE_OBJC_ARC = YES;
				CLANG_ENABLE_OBJC_WEAK = YES;
				CLANG_WARN_BLOCK_CAPTURE_AUTORELEASING = YES;
				CLANG_WARN_BOOL_CONVERSION = YES;
				CLANG_WARN_COMMA = YES;
				CLANG_WARN_CONSTANT_CONVERSION = YES;
				CLANG_WARN_DEPRECATED_OBJC_IMPLEMENTATIONS = YES;
				CLANG_WARN_DIRECT_OBJC_ISA_USAGE = YES_ERROR;
				CLANG_WARN_DOCUMENTATION_COMMENTS = YES;
				CLANG_WARN_EMPTY_BODY = YES;
				CLANG_WARN_ENUM_CONVERSION = YES;
				CLANG_WARN_INFINITE_RECURSION = YES;
				CLANG_WARN_INT_CONVERSION = YES;
				CLANG_WARN_NON_LITERAL_NULL_CONVERSION = YES;
				CLANG_WARN_OBJC_IMPLICIT_RETAIN_SELF = YES;
				CLANG_WARN_OBJC_LITERAL_CONVERSION = YES;
				CLANG_WARN_OBJC_ROOT_CLASS = YES_ERROR;
				CLANG_WARN_QUOTED_INCLUDE_IN_FRAMEWORK_HEADER = YES;
				CLANG_WARN_RANGE_LOOP_ANALYSIS = YES;
				CLANG_WARN_STRICT_PROTOTYPES = YES;
				CLANG_WARN_SUSPICIOUS_MOVE = YES;
				CLANG_WARN_UNGUARDED_AVAILABILITY = YES_AGGRESSIVE;
				CLANG_WARN_UNREACHABLE_CODE = YES;
				CLANG_WARN__DUPLICATE_METHOD_MATCH = YES;
				COPY_PHASE_STRIP = NO;
				DEBUG_INFORMATION_FORMAT = dwarf;
				DEVELOPMENT_TEAM = B6J4R9QTM2;
				ENABLE_STRICT_OBJC_MSGSEND = YES;
				ENABLE_TESTABILITY = YES;
				ENABLE_USER_SCRIPT_SANDBOXING = YES;
				GCC_C_LANGUAGE_STANDARD = gnu17;
				GCC_DYNAMIC_NO_PIC = NO;
				GCC_NO_COMMON_BLOCKS = YES;
				GCC_OPTIMIZATION_LEVEL = 0;
				GCC_PREPROCESSOR_DEFINITIONS = (
					"DEBUG=1",
					"$(inherited)",
				);
				GCC_WARN_64_TO_32_BIT_CONVERSION = YES;
				GCC_WARN_ABOUT_RETURN_TYPE = YES_ERROR;
				GCC_WARN_UNDECLARED_SELECTOR = YES;
				GCC_WARN_UNINITIALIZED_AUTOS = YES_AGGRESSIVE;
				GCC_WARN_UNUSED_FUNCTION = YES;
				GCC_WARN_UNUSED_VARIABLE = YES;
				IPHONEOS_DEPLOYMENT_TARGET = 26.0;
				LOCALIZATION_PREFERS_STRING_CATALOGS = YES;
				MTL_ENABLE_DEBUG_INFO = INCLUDE_SOURCE;
				MTL_FAST_MATH = YES;
				ONLY_ACTIVE_ARCH = YES;
				SDKROOT = iphoneos;
				STRING_CATALOG_GENERATE_SYMBOLS = YES;
				SWIFT_ACTIVE_COMPILATION_CONDITIONS = "DEBUG $(inherited)";
				SWIFT_OPTIMIZATION_LEVEL = "-Onone";
			};
			name = Debug;
		};
		52A84E5B2EB9531200D47157 /* Release */ = {
			isa = XCBuildConfiguration;
			buildSettings = {
				ALWAYS_SEARCH_USER_PATHS = NO;
				ASSETCATALOG_COMPILER_GENERATE_SWIFT_ASSET_SYMBOL_EXTENSIONS = YES;
				CLANG_ANALYZER_NONNULL = YES;
				CLANG_ANALYZER_NUMBER_OBJECT_CONVERSION = YES_AGGRESSIVE;
				CLANG_CXX_LANGUAGE_STANDARD = "gnu++20";
				CLANG_ENABLE_MODULES = YES;
				CLANG_ENABLE_OBJC_ARC = YES;
				CLANG_ENABLE_OBJC_WEAK = YES;
				CLANG_WARN_BLOCK_CAPTURE_AUTORELEASING = YES;
				CLANG_WARN_BOOL_CONVERSION = YES;
				CLANG_WARN_COMMA = YES;
				CLANG_WARN_CONSTANT_CONVERSION = YES;
				CLANG_WARN_DEPRECATED_OBJC_IMPLEMENTATIONS = YES;
				CLANG_WARN_DIRECT_OBJC_ISA_USAGE = YES_ERROR;
				CLANG_WARN_DOCUMENTATION_COMMENTS = YES;
				CLANG_WARN_EMPTY_BODY = YES;
				CLANG_WARN_ENUM_CONVERSION = YES;
				CLANG_WARN_INFINITE_RECURSION = YES;
				CLANG_WARN_INT_CONVERSION = YES;
				CLANG_WARN_NON_LITERAL_NULL_CONVERSION = YES;
				CLANG_WARN_OBJC_IMPLICIT_RETAIN_SELF = YES;
				CLANG_WARN_OBJC_LITERAL_CONVERSION = YES;
				CLANG_WARN_OBJC_ROOT_CLASS = YES_ERROR;
				CLANG_WARN_QUOTED_INCLUDE_IN_FRAMEWORK_HEADER = YES;
				CLANG_WARN_RANGE_LOOP_ANALYSIS = YES;
				CLANG_WARN_STRICT_PROTOTYPES = YES;
				CLANG_WARN_SUSPICIOUS_MOVE = YES;
				CLANG_WARN_UNGUARDED_AVAILABILITY = YES_AGGRESSIVE;
				CLANG_WARN_UNREACHABLE_CODE = YES;
				CLANG_WARN__DUPLICATE_METHOD_MATCH = YES;
				COPY_PHASE_STRIP = NO;
				DEBUG_INFORMATION_FORMAT = "dwarf-with-dsym";
				DEVELOPMENT_TEAM = B6J4R9QTM2;
				ENABLE_NS_ASSERTIONS = NO;
				ENABLE_STRICT_OBJC_MSGSEND = YES;
				ENABLE_USER_SCRIPT_SANDBOXING = YES;
				GCC_C_LANGUAGE_STANDARD = gnu17;
				GCC_NO_COMMON_BLOCKS = YES;
				GCC_WARN_64_TO_32_BIT_CONVERSION = YES;
				GCC_WARN_ABOUT_RETURN_TYPE = YES_ERROR;
				GCC_WARN_UNDECLARED_SELECTOR = YES;
				GCC_WARN_UNINITIALIZED_AUTOS = YES_AGGRESSIVE;
				GCC_WARN_UNUSED_FUNCTION = YES;
				GCC_WARN_UNUSED_VARIABLE = YES;
				IPHONEOS_DEPLOYMENT_TARGET = 26.0;
				LOCALIZATION_PREFERS_STRING_CATALOGS = YES;
				MTL_ENABLE_DEBUG_INFO = NO;
				MTL_FAST_MATH = YES;
				SDKROOT = iphoneos;
				STRING_CATALOG_GENERATE_SYMBOLS = YES;
				SWIFT_COMPILATION_MODE = wholemodule;
				VALIDATE_PRODUCT = YES;
			};
			name = Release;
		};
		52A84E5D2EB9531200D47157 /* Debug */ = {
			isa = XCBuildConfiguration;
			buildSettings = {
				BUNDLE_LOADER = "$(TEST_HOST)";
				CODE_SIGN_STYLE = Automatic;
				CURRENT_PROJECT_VERSION = 1;
				DEVELOPMENT_TEAM = B6J4R9QTM2;
				GENERATE_INFOPLIST_FILE = YES;
				IPHONEOS_DEPLOYMENT_TARGET = 26.0;
				MARKETING_VERSION = 1.0;
				PRODUCT_BUNDLE_IDENTIFIER = dev.san.RewindTests;
				PRODUCT_NAME = "$(TARGET_NAME)";
				STRING_CATALOG_GENERATE_SYMBOLS = NO;
				SWIFT_APPROACHABLE_CONCURRENCY = YES;
				SWIFT_EMIT_LOC_STRINGS = NO;
				SWIFT_UPCOMING_FEATURE_MEMBER_IMPORT_VISIBILITY = YES;
				SWIFT_VERSION = 5.0;
				TARGETED_DEVICE_FAMILY = "1,2";
				TEST_HOST = "$(BUILT_PRODUCTS_DIR)/Rewind.app/$(BUNDLE_EXECUTABLE_FOLDER_PATH)/Rewind";
			};
			name = Debug;
		};
		52A84E5E2EB9531200D47157 /* Release */ = {
			isa = XCBuildConfiguration;
			buildSettings = {
				BUNDLE_LOADER = "$(TEST_HOST)";
				CODE_SIGN_STYLE = Automatic;
				CURRENT_PROJECT_VERSION = 1;
				DEVELOPMENT_TEAM = B6J4R9QTM2;
				GENERATE_INFOPLIST_FILE = YES;
				IPHONEOS_DEPLOYMENT_TARGET = 26.0;
				MARKETING_VERSION = 1.0;
				PRODUCT_BUNDLE_IDENTIFIER = dev.san.RewindTests;
				PRODUCT_NAME = "$(TARGET_NAME)";
				STRING_CATALOG_GENERATE_SYMBOLS = NO;
				SWIFT_APPROACHABLE_CONCURRENCY = YES;
				SWIFT_EMIT_LOC_STRINGS = NO;
				SWIFT_UPCOMING_FEATURE_MEMBER_IMPORT_VISIBILITY = YES;
				SWIFT_VERSION = 5.0;
				TARGETED_DEVICE_FAMILY = "1,2";
				TEST_HOST = "$(BUILT_PRODUCTS_DIR)/Rewind.app/$(BUNDLE_EXECUTABLE_FOLDER_PATH)/Rewind";
			};
			name = Release;
		};
		52A84E602EB9531200D47157 /* Debug */ = {
			isa = XCBuildConfiguration;
			buildSettings = {
				CODE_SIGN_STYLE = Automatic;
				CURRENT_PROJECT_VERSION = 1;
				DEVELOPMENT_TEAM = B6J4R9QTM2;
				GENERATE_INFOPLIST_FILE = YES;
				MARKETING_VERSION = 1.0;
				PRODUCT_BUNDLE_IDENTIFIER = dev.san.RewindUITests;
				PRODUCT_NAME = "$(TARGET_NAME)";
				STRING_CATALOG_GENERATE_SYMBOLS = NO;
				SWIFT_APPROACHABLE_CONCURRENCY = YES;
				SWIFT_EMIT_LOC_STRINGS = NO;
				SWIFT_UPCOMING_FEATURE_MEMBER_IMPORT_VISIBILITY = YES;
				SWIFT_VERSION = 5.0;
				TARGETED_DEVICE_FAMILY = "1,2";
				TEST_TARGET_NAME = Rewind;
			};
			name = Debug;
		};
		52A84E612EB9531200D47157 /* Release */ = {
			isa = XCBuildConfiguration;
			buildSettings = {
				CODE_SIGN_STYLE = Automatic;
				CURRENT_PROJECT_VERSION = 1;
				DEVELOPMENT_TEAM = B6J4R9QTM2;
				GENERATE_INFOPLIST_FILE = YES;
				MARKETING_VERSION = 1.0;
				PRODUCT_BUNDLE_IDENTIFIER = dev.san.RewindUITests;
				PRODUCT_NAME = "$(TARGET_NAME)";
				STRING_CATALOG_GENERATE_SYMBOLS = NO;
				SWIFT_APPROACHABLE_CONCURRENCY = YES;
				SWIFT_EMIT_LOC_STRINGS = NO;
				SWIFT_UPCOMING_FEATURE_MEMBER_IMPORT_VISIBILITY = YES;
				SWIFT_VERSION = 5.0;
				TARGETED_DEVICE_FAMILY = "1,2";
				TEST_TARGET_NAME = Rewind;
			};
			name = Release;
		};
/* End XCBuildConfiguration section */

/* Begin XCConfigurationList section */
		52A84E252EB9531100D47157 /* Build configuration list for PBXProject "Rewind" */ = {
			isa = XCConfigurationList;
			buildConfigurations = (
				52A84E5A2EB9531200D47157 /* Debug */,
				52A84E5B2EB9531200D47157 /* Release */,
			);
			defaultConfigurationIsVisible = 0;
			defaultConfigurationName = Release;
		};
		52A84E572EB9531200D47157 /* Build configuration list for PBXNativeTarget "Rewind" */ = {
			isa = XCConfigurationList;
			buildConfigurations = (
				52A84E582EB9531200D47157 /* Debug */,
				52A84E592EB9531200D47157 /* Release */,
			);
			defaultConfigurationIsVisible = 0;
			defaultConfigurationName = Release;
		};
		52A84E5C2EB9531200D47157 /* Build configuration list for PBXNativeTarget "RewindTests" */ = {
			isa = XCConfigurationList;
			buildConfigurations = (
				52A84E5D2EB9531200D47157 /* Debug */,
				52A84E5E2EB9531200D47157 /* Release */,
			);
			defaultConfigurationIsVisible = 0;
			defaultConfigurationName = Release;
		};
		52A84E5F2EB9531200D47157 /* Build configuration list for PBXNativeTarget "RewindUITests" */ = {
			isa = XCConfigurationList;
			buildConfigurations = (
				52A84E602EB9531200D47157 /* Debug */,
				52A84E612EB9531200D47157 /* Release */,
			);
			defaultConfigurationIsVisible = 0;
			defaultConfigurationName = Release;
		};
/* End XCConfigurationList section */

/* Begin XCRemoteSwiftPackageReference section */
		5275E9532F69CB130093C480 /* XCRemoteSwiftPackageReference "supabase-swift" */ = {
			isa = XCRemoteSwiftPackageReference;
			repositoryURL = "https://github.com/supabase-community/supabase-swift";
			requirement = {
				kind = upToNextMajorVersion;
				minimumVersion = 2.5.1;
			};
		};
/* End XCRemoteSwiftPackageReference section */

/* Begin XCSwiftPackageProductDependency section */
		5275E9552F69CBBD0093C480 /* Auth */ = {
			isa = XCSwiftPackageProductDependency;
			package = 5275E9532F69CB130093C480 /* XCRemoteSwiftPackageReference "supabase-swift" */;
			productName = Auth;
		};
		5275E9572F69CBBD0093C480 /* Functions */ = {
			isa = XCSwiftPackageProductDependency;
			package = 5275E9532F69CB130093C480 /* XCRemoteSwiftPackageReference "supabase-swift" */;
			productName = Functions;
		};
		5275E9592F69CBBD0093C480 /* PostgREST */ = {
			isa = XCSwiftPackageProductDependency;
			package = 5275E9532F69CB130093C480 /* XCRemoteSwiftPackageReference "supabase-swift" */;
			productName = PostgREST;
		};
		5275E95B2F69CBBD0093C480 /* Realtime */ = {
			isa = XCSwiftPackageProductDependency;
			package = 5275E9532F69CB130093C480 /* XCRemoteSwiftPackageReference "supabase-swift" */;
			productName = Realtime;
		};
		5275E95D2F69CBBD0093C480 /* Storage */ = {
			isa = XCSwiftPackageProductDependency;
			package = 5275E9532F69CB130093C480 /* XCRemoteSwiftPackageReference "supabase-swift" */;
			productName = Storage;
		};
		5275E95F2F69CBBD0093C480 /* Supabase */ = {
			isa = XCSwiftPackageProductDependency;
			package = 5275E9532F69CB130093C480 /* XCRemoteSwiftPackageReference "supabase-swift" */;
			productName = Supabase;
		};
/* End XCSwiftPackageProductDependency section */
	};
	rootObject = 52A84E222EB9531100D47157 /* Project object */;
}
